// !$*UTF8*$!
{
	archiveVersion = 1;
	classes = {
	};
	objectVersion = 50;
	objects = {

/* Begin PBXBuildFile section */
		AC939A89242771B500636BEE /* AppDelegate.swift in Sources */ = {isa = PBXBuildFile; fileRef = AC939A88242771B500636BEE /* AppDelegate.swift */; };
		AC939A8B242771B500636BEE /* SceneDelegate.swift in Sources */ = {isa = PBXBuildFile; fileRef = AC939A8A242771B500636BEE /* SceneDelegate.swift */; };
		AC939A8E242771B500636BEE /* CoffeeApp.xcdatamodeld in Sources */ = {isa = PBXBuildFile; fileRef = AC939A8C242771B500636BEE /* CoffeeApp.xcdatamodeld */; };
		AC939A90242771B500636BEE /* ContentView.swift in Sources */ = {isa = PBXBuildFile; fileRef = AC939A8F242771B500636BEE /* ContentView.swift */; };
		AC939A92242771B800636BEE /* Assets.xcassets in Resources */ = {isa = PBXBuildFile; fileRef = AC939A91242771B800636BEE /* Assets.xcassets */; };
		AC939A95242771B800636BEE /* Preview Assets.xcassets in Resources */ = {isa = PBXBuildFile; fileRef = AC939A94242771B800636BEE /* Preview Assets.xcassets */; };
		AC939A98242771B800636BEE /* LaunchScreen.storyboard in Resources */ = {isa = PBXBuildFile; fileRef = AC939A96242771B800636BEE /* LaunchScreen.storyboard */; };
		AC939AA1242772CE00636BEE /* CoreDataManager.swift in Sources */ = {isa = PBXBuildFile; fileRef = AC939AA0242772CE00636BEE /* CoreDataManager.swift */; };
		AC939AA32427757300636BEE /* ManagedObjectExtension.swift in Sources */ = {isa = PBXBuildFile; fileRef = AC939AA22427757300636BEE /* ManagedObjectExtension.swift */; };
		AC939AA62427763A00636BEE /* AddOrderViewModel.swift in Sources */ = {isa = PBXBuildFile; fileRef = AC939AA52427763A00636BEE /* AddOrderViewModel.swift */; };
		AC939AA92427766D00636BEE /* AddOrderView.swift in Sources */ = {isa = PBXBuildFile; fileRef = AC939AA82427766D00636BEE /* AddOrderView.swift */; };
		AC939AAB24277BEF00636BEE /* OrderListViewModel.swift in Sources */ = {isa = PBXBuildFile; fileRef = AC939AAA24277BEF00636BEE /* OrderListViewModel.swift */; };
/* End PBXBuildFile section */

/* Begin PBXFileReference section */
		AC939A85242771B500636BEE /* CoffeeApp.app */ = {isa = PBXFileReference; explicitFileType = wrapper.application; includeInIndex = 0; path = CoffeeApp.app; sourceTree = BUILT_PRODUCTS_DIR; };
		AC939A88242771B500636BEE /* AppDelegate.swift */ = {isa = PBXFileReference; lastKnownFileType = sourcecode.swift; path = AppDelegate.swift; sourceTree = "<group>"; };
		AC939A8A242771B500636BEE /* SceneDelegate.swift */ = {isa = PBXFileReference; lastKnownFileType = sourcecode.swift; path = SceneDelegate.swift; sourceTree = "<group>"; };
		AC939A8D242771B500636BEE /* CoffeeApp.xcdatamodel */ = {isa = PBXFileReference; lastKnownFileType = wrapper.xcdatamodel; path = CoffeeApp.xcdatamodel; sourceTree = "<group>"; };
		AC939A8F242771B500636BEE /* ContentView.swift */ = {isa = PBXFileReference; lastKnownFileType = sourcecode.swift; path = ContentView.swift; sourceTree = "<group>"; };
		AC939A91242771B800636BEE /* Assets.xcassets */ = {isa = PBXFileReference; lastKnownFileType = folder.assetcatalog; path = Assets.xcassets; sourceTree = "<group>"; };
		AC939A94242771B800636BEE /* Preview Assets.xcassets */ = {isa = PBXFileReference; lastKnownFileType = folder.assetcatalog; path = "Preview Assets.xcassets"; sourceTree = "<group>"; };
		AC939A97242771B800636BEE /* Base */ = {isa = PBXFileReference; lastKnownFileType = file.storyboard; name = Base; path = Base.lproj/LaunchScreen.storyboard; sourceTree = "<group>"; };
		AC939A99242771B800636BEE /* Info.plist */ = {isa = PBXFileReference; lastKnownFileType = text.plist.xml; path = Info.plist; sourceTree = "<group>"; };
		AC939AA0242772CE00636BEE /* CoreDataManager.swift */ = {isa = PBXFileReference; lastKnownFileType = sourcecode.swift; path = CoreDataManager.swift; sourceTree = "<group>"; };
		AC939AA22427757300636BEE /* ManagedObjectExtension.swift */ = {isa = PBXFileReference; lastKnownFileType = sourcecode.swift; path = ManagedObjectExtension.swift; sourceTree = "<group>"; };
		AC939AA52427763A00636BEE /* AddOrderViewModel.swift */ = {isa = PBXFileReference; lastKnownFileType = sourcecode.swift; path = AddOrderViewModel.swift; sourceTree = "<group>"; };
		AC939AA82427766D00636BEE /* AddOrderView.swift */ = {isa = PBXFileReference; lastKnownFileType = sourcecode.swift; path = AddOrderView.swift; sourceTree = "<group>"; };
		AC939AAA24277BEF00636BEE /* OrderListViewModel.swift */ = {isa = PBXFileReference; lastKnownFileType = sourcecode.swift; path = OrderListViewModel.swift; sourceTree = "<group>"; };
/* End PBXFileReference section */

/* Begin PBXFrameworksBuildPhase section */
		AC939A82242771B500636BEE /* Frameworks */ = {
			isa = PBXFrameworksBuildPhase;
			buildActionMask = 2147483647;
			files = (
			);
			runOnlyForDeploymentPostprocessing = 0;
		};
/* End PBXFrameworksBuildPhase section */

/* Begin PBXGroup section */
		AC939A7C242771B500636BEE = {
			isa = PBXGroup;
			children = (
				AC939A87242771B500636BEE /* CoffeeApp */,
				AC939A86242771B500636BEE /* Products */,
			);
			sourceTree = "<group>";
		};
		AC939A86242771B500636BEE /* Products */ = {
			isa = PBXGroup;
			children = (
				AC939A85242771B500636BEE /* CoffeeApp.app */,
			);
			name = Products;
			sourceTree = "<group>";
		};
		AC939A87242771B500636BEE /* CoffeeApp */ = {
			isa = PBXGroup;
			children = (
				AC939AA72427765F00636BEE /* Views */,
				AC939AA42427762A00636BEE /* ViewModels */,
				AC939A9F242772C200636BEE /* Managers */,
				AC939A88242771B500636BEE /* AppDelegate.swift */,
				AC939A8A242771B500636BEE /* SceneDelegate.swift */,
				AC939A91242771B800636BEE /* Assets.xcassets */,
				AC939A96242771B800636BEE /* LaunchScreen.storyboard */,
				AC939A99242771B800636BEE /* Info.plist */,
				AC939A8C242771B500636BEE /* CoffeeApp.xcdatamodeld */,
				AC939A93242771B800636BEE /* Preview Content */,
				AC939AA22427757300636BEE /* ManagedObjectExtension.swift */,
			);
			path = CoffeeApp;
			sourceTree = "<group>";
		};
		AC939A93242771B800636BEE /* Preview Content */ = {
			isa = PBXGroup;
			children = (
				AC939A94242771B800636BEE /* Preview Assets.xcassets */,
			);
			path = "Preview Content";
			sourceTree = "<group>";
		};
		AC939A9F242772C200636BEE /* Managers */ = {
			isa = PBXGroup;
			children = (
				AC939AA0242772CE00636BEE /* CoreDataManager.swift */,
			);
			path = Managers;
			sourceTree = "<group>";
		};
		AC939AA42427762A00636BEE /* ViewModels */ = {
			isa = PBXGroup;
			children = (
				AC939AA52427763A00636BEE /* AddOrderViewModel.swift */,
				AC939AAA24277BEF00636BEE /* OrderListViewModel.swift */,
			);
			path = ViewModels;
			sourceTree = "<group>";
		};
		AC939AA72427765F00636BEE /* Views */ = {
			isa = PBXGroup;
			children = (
				AC939A8F242771B500636BEE /* ContentView.swift */,
				AC939AA82427766D00636BEE /* AddOrderView.swift */,
			);
			path = Views;
			sourceTree = "<group>";
		};
/* End PBXGroup section */

/* Begin PBXNativeTarget section */
		AC939A84242771B500636BEE /* CoffeeApp */ = {
			isa = PBXNativeTarget;
			buildConfigurationList = AC939A9C242771B800636BEE /* Build configuration list for PBXNativeTarget "CoffeeApp" */;
			buildPhases = (
				AC939A81242771B500636BEE /* Sources */,
				AC939A82242771B500636BEE /* Frameworks */,
				AC939A83242771B500636BEE /* Resources */,
			);
			buildRules = (
			);
			dependencies = (
			);
			name = CoffeeApp;
			productName = CoffeeApp;
			productReference = AC939A85242771B500636BEE /* CoffeeApp.app */;
			productType = "com.apple.product-type.application";
		};
/* End PBXNativeTarget section */

/* Begin PBXProject section */
		AC939A7D242771B500636BEE /* Project object */ = {
			isa = PBXProject;
			attributes = {
				LastSwiftUpdateCheck = 1130;
				LastUpgradeCheck = 1130;
				ORGANIZATIONNAME = "Praveen Bhaskar";
				TargetAttributes = {
					AC939A84242771B500636BEE = {
						CreatedOnToolsVersion = 11.3;
					};
				};
			};
			buildConfigurationList = AC939A80242771B500636BEE /* Build configuration list for PBXProject "CoffeeApp" */;
			compatibilityVersion = "Xcode 9.3";
			developmentRegion = en;
			hasScannedForEncodings = 0;
			knownRegions = (
				en,
				Base,
			);
			mainGroup = AC939A7C242771B500636BEE;
			productRefGroup = AC939A86242771B500636BEE /* Products */;
			projectDirPath = "";
			projectRoot = "";
			targets = (
				AC939A84242771B500636BEE /* CoffeeApp */,
			);
		};
/* End PBXProject section */

/* Begin PBXResourcesBuildPhase section */
		AC939A83242771B500636BEE /* Resources */ = {
			isa = PBXResourcesBuildPhase;
			buildActionMask = 2147483647;
			files = (
				AC939A98242771B800636BEE /* LaunchScreen.storyboard in Resources */,
				AC939A95242771B800636BEE /* Preview Assets.xcassets in Resources */,
				AC939A92242771B800636BEE /* Assets.xcassets in Resources */,
			);
			runOnlyForDeploymentPostprocessing = 0;
		};
/* End PBXResourcesBuildPhase section */

/* Begin PBXSourcesBuildPhase section */
		AC939A81242771B500636BEE /* Sources */ = {
			isa = PBXSourcesBuildPhase;
			buildActionMask = 2147483647;
			files = (
				AC939AA32427757300636BEE /* ManagedObjectExtension.swift in Sources */,
				AC939A89242771B500636BEE /* AppDelegate.swift in Sources */,
				AC939A8E242771B500636BEE /* CoffeeApp.xcdatamodeld in Sources */,
				AC939AAB24277BEF00636BEE /* OrderListViewModel.swift in Sources */,
				AC939A90242771B500636BEE /* ContentView.swift in Sources */,
				AC939AA1242772CE00636BEE /* CoreDataManager.swift in Sources */,
				AC939AA92427766D00636BEE /* AddOrderView.swift in Sources */,
				AC939AA62427763A00636BEE /* AddOrderViewModel.swift in Sources */,
				AC939A8B242771B500636BEE /* SceneDelegate.swift in Sources */,
			);
			runOnlyForDeploymentPostprocessing = 0;
		};
/* End PBXSourcesBuildPhase section */

/* Begin PBXVariantGroup section */
		AC939A96242771B800636BEE /* LaunchScreen.storyboard */ = {
			isa = PBXVariantGroup;
			children = (
				AC939A97242771B800636BEE /* Base */,
			);
			name = LaunchScreen.storyboard;
			sourceTree = "<group>";
		};
/* End PBXVariantGroup section */

/* Begin XCBuildConfiguration section */
		AC939A9A242771B800636BEE /* Debug */ = {
			isa = XCBuildConfiguration;
			buildSettings = {
				ALWAYS_SEARCH_USER_PATHS = NO;
				CLANG_ANALYZER_NONNULL = YES;
				CLANG_ANALYZER_NUMBER_OBJECT_CONVERSION = YES_AGGRESSIVE;
				CLANG_CXX_LANGUAGE_STANDARD = "gnu++14";
				CLANG_CXX_LIBRARY = "libc++";
				CLANG_ENABLE_MODULES = YES;
				CLANG_ENABLE_OBJC_ARC = YES;
				CLANG_ENABLE_OBJC_WEAK = YES;
				CLANG_WARN_BLOCK_CAPTURE_AUTORELEASING = YES;
				CLANG_WARN_BOOL_CONVERSION = YES;
				CLANG_WARN_COMMA = YES;
				CLANG_WARN_CONSTANT_CONVERSION = YES;
				CLANG_WARN_DEPRECATED_OBJC_IMPLEMENTATIONS = YES;
				CLANG_WARN_DIRECT_OBJC_ISA_USAGE = YES_ERROR;
				CLANG_WARN_DOCUMENTATION_COMMENTS = YES;
				CLANG_WARN_EMPTY_BODY = YES;
				CLANG_WARN_ENUM_CONVERSION = YES;
				CLANG_WARN_INFINITE_RECURSION = YES;
				CLANG_WARN_INT_CONVERSION = YES;
				CLANG_WARN_NON_LITERAL_NULL_CONVERSION = YES;
				CLANG_WARN_OBJC_IMPLICIT_RETAIN_SELF = YES;
				CLANG_WARN_OBJC_LITERAL_CONVERSION = YES;
				CLANG_WARN_OBJC_ROOT_CLASS = YES_ERROR;
				CLANG_WARN_RANGE_LOOP_ANALYSIS = YES;
				CLANG_WARN_STRICT_PROTOTYPES = YES;
				CLANG_WARN_SUSPICIOUS_MOVE = YES;
				CLANG_WARN_UNGUARDED_AVAILABILITY = YES_AGGRESSIVE;
				CLANG_WARN_UNREACHABLE_CODE = YES;
				CLANG_WARN__DUPLICATE_METHOD_MATCH = YES;
				COPY_PHASE_STRIP = NO;
				DEBUG_INFORMATION_FORMAT = dwarf;
				ENABLE_STRICT_OBJC_MSGSEND = YES;
				ENABLE_TESTABILITY = YES;
				GCC_C_LANGUAGE_STANDARD = gnu11;
				GCC_DYNAMIC_NO_PIC = NO;
				GCC_NO_COMMON_BLOCKS = YES;
				GCC_OPTIMIZATION_LEVEL = 0;
				GCC_PREPROCESSOR_DEFINITIONS = (
					"DEBUG=1",
					"$(inherited)",
				);
				GCC_WARN_64_TO_32_BIT_CONVERSION = YES;
				GCC_WARN_ABOUT_RETURN_TYPE = YES_ERROR;
				GCC_WARN_UNDECLARED_SELECTOR = YES;
				GCC_WARN_UNINITIALIZED_AUTOS = YES_AGGRESSIVE;
				GCC_WARN_UNUSED_FUNCTION = YES;
				GCC_WARN_UNUSED_VARIABLE = YES;
				IPHONEOS_DEPLOYMENT_TARGET = 13.2;
				MTL_ENABLE_DEBUG_INFO = INCLUDE_SOURCE;
				MTL_FAST_MATH = YES;
				ONLY_ACTIVE_ARCH = YES;
				SDKROOT = iphoneos;
				SWIFT_ACTIVE_COMPILATION_CONDITIONS = DEBUG;
				SWIFT_OPTIMIZATION_LEVEL = "-Onone";
			};
			name = Debug;
		};
		AC939A9B242771B800636BEE /* Release */ = {
			isa = XCBuildConfiguration;
			buildSettings = {
				ALWAYS_SEARCH_USER_PATHS = NO;
				CLANG_ANALYZER_NONNULL = YES;
				CLANG_ANALYZER_NUMBER_OBJECT_CONVERSION = YES_AGGRESSIVE;
				CLANG_CXX_LANGUAGE_STANDARD = "gnu++14";
				CLANG_CXX_LIBRARY = "libc++";
				CLANG_ENABLE_MODULES = YES;
				CLANG_ENABLE_OBJC_ARC = YES;
				CLANG_ENABLE_OBJC_WEAK = YES;
				CLANG_WARN_BLOCK_CAPTURE_AUTORELEASING = YES;
				CLANG_WARN_BOOL_CONVERSION = YES;
				CLANG_WARN_COMMA = YES;
				CLANG_WARN_CONSTANT_CONVERSION = YES;
				CLANG_WARN_DEPRECATED_OBJC_IMPLEMENTATIONS = YES;
				CLANG_WARN_DIRECT_OBJC_ISA_USAGE = YES_ERROR;
				CLANG_WARN_DOCUMENTATION_COMMENTS = YES;
				CLANG_WARN_EMPTY_BODY = YES;
				CLANG_WARN_ENUM_CONVERSION = YES;
				CLANG_WARN_INFINITE_RECURSION = YES;
				CLANG_WARN_INT_CONVERSION = YES;
				CLANG_WARN_NON_LITERAL_NULL_CONVERSION = YES;
				CLANG_WARN_OBJC_IMPLICIT_RETAIN_SELF = YES;
				CLANG_WARN_OBJC_LITERAL_CONVERSION = YES;
				CLANG_WARN_OBJC_ROOT_CLASS = YES_ERROR;
				CLANG_WARN_RANGE_LOOP_ANALYSIS = YES;
				CLANG_WARN_STRICT_PROTOTYPES = YES;
				CLANG_WARN_SUSPICIOUS_MOVE = YES;
				CLANG_WARN_UNGUARDED_AVAILABILITY = YES_AGGRESSIVE;
				CLANG_WARN_UNREACHABLE_CODE = YES;
				CLANG_WARN__DUPLICATE_METHOD_MATCH = YES;
				COPY_PHASE_STRIP = NO;
				DEBUG_INFORMATION_FORMAT = "dwarf-with-dsym";
				ENABLE_NS_ASSERTIONS = NO;
				ENABLE_STRICT_OBJC_MSGSEND = YES;
				GCC_C_LANGUAGE_STANDARD = gnu11;
				GCC_NO_COMMON_BLOCKS = YES;
				GCC_WARN_64_TO_32_BIT_CONVERSION = YES;
				GCC_WARN_ABOUT_RETURN_TYPE = YES_ERROR;
				GCC_WARN_UNDECLARED_SELECTOR = YES;
				GCC_WARN_UNINITIALIZED_AUTOS = YES_AGGRESSIVE;
				GCC_WARN_UNUSED_FUNCTION = YES;
				GCC_WARN_UNUSED_VARIABLE = YES;
				IPHONEOS_DEPLOYMENT_TARGET = 13.2;
				MTL_ENABLE_DEBUG_INFO = NO;
				MTL_FAST_MATH = YES;
				SDKROOT = iphoneos;
				SWIFT_COMPILATION_MODE = wholemodule;
				SWIFT_OPTIMIZATION_LEVEL = "-O";
				VALIDATE_PRODUCT = YES;
			};
			name = Release;
		};
		AC939A9D242771B800636BEE /* Debug */ = {
			isa = XCBuildConfiguration;
			buildSettings = {
				ASSETCATALOG_COMPILER_APPICON_NAME = AppIcon;
				CODE_SIGN_STYLE = Automatic;
				DEVELOPMENT_ASSET_PATHS = "\"CoffeeApp/Preview Content\"";
				DEVELOPMENT_TEAM = 36N44DK44C;
				ENABLE_PREVIEWS = YES;
				INFOPLIST_FILE = CoffeeApp/Info.plist;
				LD_RUNPATH_SEARCH_PATHS = (
					"$(inherited)",
					"@executable_path/Frameworks",
				);
				PRODUCT_BUNDLE_IDENTIFIER = Praveen.CoffeeApp;
				PRODUCT_NAME = "$(TARGET_NAME)";
				SWIFT_VERSION = 5.0;
				TARGETED_DEVICE_FAMILY = "1,2";
			};
			name = Debug;
		};
		AC939A9E242771B800636BEE /* Release */ = {
			isa = XCBuildConfiguration;
			buildSettings = {
				ASSETCATALOG_COMPILER_APPICON_NAME = AppIcon;
				CODE_SIGN_STYLE = Automatic;
				DEVELOPMENT_ASSET_PATHS = "\"CoffeeApp/Preview Content\"";
				DEVELOPMENT_TEAM = 36N44DK44C;
				ENABLE_PREVIEWS = YES;
				INFOPLIST_FILE = CoffeeApp/Info.plist;
				LD_RUNPATH_SEARCH_PATHS = (
					"$(inherited)",
					"@executable_path/Frameworks",
				);
				PRODUCT_BUNDLE_IDENTIFIER = Praveen.CoffeeApp;
				PRODUCT_NAME = "$(TARGET_NAME)";
				SWIFT_VERSION = 5.0;
				TARGETED_DEVICE_FAMILY = "1,2";
			};
			name = Release;
		};
/* End XCBuildConfiguration section */

/* Begin XCConfigurationList section */
		AC939A80242771B500636BEE /* Build configuration list for PBXProject "CoffeeApp" */ = {
			isa = XCConfigurationList;
			buildConfigurations = (
				AC939A9A242771B800636BEE /* Debug */,
				AC939A9B242771B800636BEE /* Release */,
			);
			defaultConfigurationIsVisible = 0;
			defaultConfigurationName = Release;
		};
		AC939A9C242771B800636BEE /* Build configuration list for PBXNativeTarget "CoffeeApp" */ = {
			isa = XCConfigurationList;
			buildConfigurations = (
				AC939A9D242771B800636BEE /* Debug */,
				AC939A9E242771B800636BEE /* Release */,
			);
			defaultConfigurationIsVisible = 0;
			defaultConfigurationName = Release;
		};
/* End XCConfigurationList section */

/* Begin XCVersionGroup section */
		AC939A8C242771B500636BEE /* CoffeeApp.xcdatamodeld */ = {
			isa = XCVersionGroup;
			children = (
				AC939A8D242771B500636BEE /* CoffeeApp.xcdatamodel */,
			);
			currentVersion = AC939A8D242771B500636BEE /* CoffeeApp.xcdatamodel */;
			path = CoffeeApp.xcdatamodeld;
			sourceTree = "<group>";
			versionGroupType = wrapper.xcdatamodel;
		};
/* End XCVersionGroup section */
	};
	rootObject = AC939A7D242771B500636BEE /* Project object */;
}
